
Microsoft Visual Studio Solution File, Format Version 12.00
# Visual Studio Version 17
VisualStudioVersion = 17.5.33516.290
MinimumVisualStudioVersion = 10.0.40219.1
Project("{FAE04EC0-301F-11D3-BF4B-00C04F79EFBC}") = "SuperHeroAPI", "SuperHeroAPI\SuperHeroAPI.csproj", "{BAA2B2EF-8A26-418D-B7CF-F0D2429AEA57}"
EndProject
Global
	GlobalSection(SolutionConfigurationPlatforms) = preSolution
		Debug|Any CPU = Debug|Any CPU
		Release|Any CPU = Release|Any CPU
	EndGlobalSection
	GlobalSection(ProjectConfigurationPlatforms) = postSolution
		{BAA2B2EF-8A26-418D-B7CF-F0D2429AEA57}.Debug|Any CPU.ActiveCfg = Debug|Any CPU
		{BAA2B2EF-8A26-418D-B7CF-F0D2429AEA57}.Debug|Any CPU.Build.0 = Debug|Any CPU
		{BAA2B2EF-8A26-418D-B7CF-F0D2429AEA57}.Release|Any CPU.ActiveCfg = Release|Any CPU
		{BAA2B2EF-8A26-418D-B7CF-F0D2429AEA57}.Release|Any CPU.Build.0 = Release|Any CPU
	EndGlobalSection
	GlobalSection(SolutionProperties) = preSolution
		HideSolutionNode = FALSE
	EndGlobalSection
	GlobalSection(ExtensibilityGlobals) = postSolution
		SolutionGuid = {0D0A20F7-E16B-4315-8E87-52E060E96E6C}
	EndGlobalSection
EndGlobal
